
Microsoft Visual Studio Solution File, Format Version 12.00
# Visual Studio Version 16
VisualStudioVersion = 16.0.30611.23
MinimumVisualStudioVersion = 10.0.40219.1
Project("{9A19103F-16F7-4668-BE54-9A1E7A4F7556}") = "DataStructureLinkedList", "DataStructureLinkedList\DataStructureLinkedList.csproj", "{12F2DA2C-EB48-4236-9BA9-7C045A90B48E}"
EndProject
Project("{9A19103F-16F7-4668-BE54-9A1E7A4F7556}") = "DataStructureLinkedListTests", "DataStructureLinkedListTests\DataStructureLinkedListTests.csproj", "{00DFA7D8-9F8D-49A6-AD46-9C661EDFB69E}"
EndProject
Global
	GlobalSection(SolutionConfigurationPlatforms) = preSolution
		Debug|Any CPU = Debug|Any CPU
		Release|Any CPU = Release|Any CPU
	EndGlobalSection
	GlobalSection(ProjectConfigurationPlatforms) = postSolution
		{12F2DA2C-EB48-4236-9BA9-7C045A90B48E}.Debug|Any CPU.ActiveCfg = Debug|Any CPU
		{12F2DA2C-EB48-4236-9BA9-7C045A90B48E}.Debug|Any CPU.Build.0 = Debug|Any CPU
		{12F2DA2C-EB48-4236-9BA9-7C045A90B48E}.Release|Any CPU.ActiveCfg = Release|Any CPU
		{12F2DA2C-EB48-4236-9BA9-7C045A90B48E}.Release|Any CPU.Build.0 = Release|Any CPU
		{00DFA7D8-9F8D-49A6-AD46-9C661EDFB69E}.Debug|Any CPU.ActiveCfg = Debug|Any CPU
		{00DFA7D8-9F8D-49A6-AD46-9C661EDFB69E}.Debug|Any CPU.Build.0 = Debug|Any CPU
		{00DFA7D8-9F8D-49A6-AD46-9C661EDFB69E}.Release|Any CPU.ActiveCfg = Release|Any CPU
		{00DFA7D8-9F8D-49A6-AD46-9C661EDFB69E}.Release|Any CPU.Build.0 = Release|Any CPU
	EndGlobalSection
	GlobalSection(SolutionProperties) = preSolution
		HideSolutionNode = FALSE
	EndGlobalSection
	GlobalSection(ExtensibilityGlobals) = postSolution
		SolutionGuid = {35626239-EC92-4883-996B-B6F5BC6103BE}
	EndGlobalSection
EndGlobal
